// !$*UTF8*$!
{
	archiveVersion = 1;
	classes = {
	};
	objectVersion = 77;
	objects = {

/* Begin PBXBuildFile section */
		3AC78BF42D27FD3D003C86C9 /* WidgetKit.framework in Frameworks */ = {isa = PBXBuildFile; fileRef = 3AC78BF32D27FD3C003C86C9 /* WidgetKit.framework */; };
		3AC78BF62D27FD3D003C86C9 /* SwiftUI.framework in Frameworks */ = {isa = PBXBuildFile; fileRef = 3AC78BF52D27FD3D003C86C9 /* SwiftUI.framework */; };
		3AC78C072D27FD3F003C86C9 /* VocabularyWidgetExtension.appex in Embed Foundation Extensions */ = {isa = PBXBuildFile; fileRef = 3AC78BF12D27FD3C003C86C9 /* VocabularyWidgetExtension.appex */; settings = {ATTRIBUTES = (RemoveHeadersOnCopy, ); }; };
/* End PBXBuildFile section */

/* Begin PBXContainerItemProxy section */
		3AC78BD12D27FD02003C86C9 /* PBXContainerItemProxy */ = {
			isa = PBXContainerItemProxy;
			containerPortal = 3AC78BB82D27FD00003C86C9 /* Project object */;
			proxyType = 1;
			remoteGlobalIDString = 3AC78BBF2D27FD01003C86C9;
			remoteInfo = VocabularyApp;
		};
		3AC78BDB2D27FD02003C86C9 /* PBXContainerItemProxy */ = {
			isa = PBXContainerItemProxy;
			containerPortal = 3AC78BB82D27FD00003C86C9 /* Project object */;
			proxyType = 1;
			remoteGlobalIDString = 3AC78BBF2D27FD01003C86C9;
			remoteInfo = VocabularyApp;
		};
		3AC78C052D27FD3F003C86C9 /* PBXContainerItemProxy */ = {
			isa = PBXContainerItemProxy;
			containerPortal = 3AC78BB82D27FD00003C86C9 /* Project object */;
			proxyType = 1;
			remoteGlobalIDString = 3AC78BF02D27FD3C003C86C9;
			remoteInfo = VocabularyWidgetExtension;
		};
/* End PBXContainerItemProxy section */

/* Begin PBXCopyFilesBuildPhase section */
		3AC78C0C2D27FD3F003C86C9 /* Embed Foundation Extensions */ = {
			isa = PBXCopyFilesBuildPhase;
			buildActionMask = 2147483647;
			dstPath = "";
			dstSubfolderSpec = 13;
			files = (
				3AC78C072D27FD3F003C86C9 /* VocabularyWidgetExtension.appex in Embed Foundation Extensions */,
			);
			name = "Embed Foundation Extensions";
			runOnlyForDeploymentPostprocessing = 0;
		};
/* End PBXCopyFilesBuildPhase section */

/* Begin PBXFileReference section */
		3AC78BC02D27FD01003C86C9 /* VocabularyApp.app */ = {isa = PBXFileReference; explicitFileType = wrapper.application; includeInIndex = 0; path = VocabularyApp.app; sourceTree = BUILT_PRODUCTS_DIR; };
		3AC78BD02D27FD02003C86C9 /* VocabularyAppTests.xctest */ = {isa = PBXFileReference; explicitFileType = wrapper.cfbundle; includeInIndex = 0; path = VocabularyAppTests.xctest; sourceTree = BUILT_PRODUCTS_DIR; };
		3AC78BDA2D27FD02003C86C9 /* VocabularyAppUITests.xctest */ = {isa = PBXFileReference; explicitFileType = wrapper.cfbundle; includeInIndex = 0; path = VocabularyAppUITests.xctest; sourceTree = BUILT_PRODUCTS_DIR; };
		3AC78BF12D27FD3C003C86C9 /* VocabularyWidgetExtension.appex */ = {isa = PBXFileReference; explicitFileType = "wrapper.app-extension"; includeInIndex = 0; path = VocabularyWidgetExtension.appex; sourceTree = BUILT_PRODUCTS_DIR; };
		3AC78BF32D27FD3C003C86C9 /* WidgetKit.framework */ = {isa = PBXFileReference; lastKnownFileType = wrapper.framework; name = WidgetKit.framework; path = System/Library/Frameworks/WidgetKit.framework; sourceTree = SDKROOT; };
		3AC78BF52D27FD3D003C86C9 /* SwiftUI.framework */ = {isa = PBXFileReference; lastKnownFileType = wrapper.framework; name = SwiftUI.framework; path = System/Library/Frameworks/SwiftUI.framework; sourceTree = SDKROOT; };
/* End PBXFileReference section */

/* Begin PBXFileSystemSynchronizedBuildFileExceptionSet section */
		3AC78C082D27FD3F003C86C9 /* Exceptions for "VocabularyWidget" folder in "VocabularyWidgetExtension" target */ = {
			isa = PBXFileSystemSynchronizedBuildFileExceptionSet;
			membershipExceptions = (
				Info.plist,
			);
			target = 3AC78BF02D27FD3C003C86C9 /* VocabularyWidgetExtension */;
		};
/* End PBXFileSystemSynchronizedBuildFileExceptionSet section */

/* Begin PBXFileSystemSynchronizedRootGroup section */
		3AC78BC22D27FD01003C86C9 /* VocabularyApp */ = {
			isa = PBXFileSystemSynchronizedRootGroup;
			path = VocabularyApp;
			sourceTree = "<group>";
		};
		3AC78BD32D27FD02003C86C9 /* VocabularyAppTests */ = {
			isa = PBXFileSystemSynchronizedRootGroup;
			path = VocabularyAppTests;
			sourceTree = "<group>";
		};
		3AC78BDD2D27FD02003C86C9 /* VocabularyAppUITests */ = {
			isa = PBXFileSystemSynchronizedRootGroup;
			path = VocabularyAppUITests;
			sourceTree = "<group>";
		};
		3AC78BF72D27FD3D003C86C9 /* VocabularyWidget */ = {
			isa = PBXFileSystemSynchronizedRootGroup;
			exceptions = (
				3AC78C082D27FD3F003C86C9 /* Exceptions for "VocabularyWidget" folder in "VocabularyWidgetExtension" target */,
			);
			path = VocabularyWidget;
			sourceTree = "<group>";
		};
/* End PBXFileSystemSynchronizedRootGroup section */

/* Begin PBXFrameworksBuildPhase section */
		3AC78BBD2D27FD01003C86C9 /* Frameworks */ = {
			isa = PBXFrameworksBuildPhase;
			buildActionMask = 2147483647;
			files = (
			);
			runOnlyForDeploymentPostprocessing = 0;
		};
		3AC78BCD2D27FD02003C86C9 /* Frameworks */ = {
			isa = PBXFrameworksBuildPhase;
			buildActionMask = 2147483647;
			files = (
			);
			runOnlyForDeploymentPostprocessing = 0;
		};
		3AC78BD72D27FD02003C86C9 /* Frameworks */ = {
			isa = PBXFrameworksBuildPhase;
			buildActionMask = 2147483647;
			files = (
			);
			runOnlyForDeploymentPostprocessing = 0;
		};
		3AC78BEE2D27FD3C003C86C9 /* Frameworks */ = {
			isa = PBXFrameworksBuildPhase;
			buildActionMask = 2147483647;
			files = (
				3AC78BF62D27FD3D003C86C9 /* SwiftUI.framework in Frameworks */,
				3AC78BF42D27FD3D003C86C9 /* WidgetKit.framework in Frameworks */,
			);
			runOnlyForDeploymentPostprocessing = 0;
		};
/* End PBXFrameworksBuildPhase section */

/* Begin PBXGroup section */
		3AC78BB72D27FD00003C86C9 = {
			isa = PBXGroup;
			children = (
				3AC78BC22D27FD01003C86C9 /* VocabularyApp */,
				3AC78BD32D27FD02003C86C9 /* VocabularyAppTests */,
				3AC78BDD2D27FD02003C86C9 /* VocabularyAppUITests */,
				3AC78BF72D27FD3D003C86C9 /* VocabularyWidget */,
				3AC78BF22D27FD3C003C86C9 /* Frameworks */,
				3AC78BC12D27FD01003C86C9 /* Products */,
			);
			sourceTree = "<group>";
		};
		3AC78BC12D27FD01003C86C9 /* Products */ = {
			isa = PBXGroup;
			children = (
				3AC78BC02D27FD01003C86C9 /* VocabularyApp.app */,
				3AC78BD02D27FD02003C86C9 /* VocabularyAppTests.xctest */,
				3AC78BDA2D27FD02003C86C9 /* VocabularyAppUITests.xctest */,
				3AC78BF12D27FD3C003C86C9 /* VocabularyWidgetExtension.appex */,
			);
			name = Products;
			sourceTree = "<group>";
		};
		3AC78BF22D27FD3C003C86C9 /* Frameworks */ = {
			isa = PBXGroup;
			children = (
				3AC78BF32D27FD3C003C86C9 /* WidgetKit.framework */,
				3AC78BF52D27FD3D003C86C9 /* SwiftUI.framework */,
			);
			name = Frameworks;
			sourceTree = "<group>";
		};
/* End PBXGroup section */

/* Begin PBXNativeTarget section */
		3AC78BBF2D27FD01003C86C9 /* VocabularyApp */ = {
			isa = PBXNativeTarget;
			buildConfigurationList = 3AC78BE42D27FD02003C86C9 /* Build configuration list for PBXNativeTarget "VocabularyApp" */;
			buildPhases = (
				3AC78BBC2D27FD01003C86C9 /* Sources */,
				3AC78BBD2D27FD01003C86C9 /* Frameworks */,
				3AC78BBE2D27FD01003C86C9 /* Resources */,
				3AC78C0C2D27FD3F003C86C9 /* Embed Foundation Extensions */,
			);
			buildRules = (
			);
			dependencies = (
				3AC78C062D27FD3F003C86C9 /* PBXTargetDependency */,
			);
			fileSystemSynchronizedGroups = (
				3AC78BC22D27FD01003C86C9 /* VocabularyApp */,
			);
			name = VocabularyApp;
			packageProductDependencies = (
			);
			productName = VocabularyApp;
			productReference = 3AC78BC02D27FD01003C86C9 /* VocabularyApp.app */;
			productType = "com.apple.product-type.application";
		};
		3AC78BCF2D27FD02003C86C9 /* VocabularyAppTests */ = {
			isa = PBXNativeTarget;
			buildConfigurationList = 3AC78BE72D27FD02003C86C9 /* Build configuration list for PBXNativeTarget "VocabularyAppTests" */;
			buildPhases = (
				3AC78BCC2D27FD02003C86C9 /* Sources */,
				3AC78BCD2D27FD02003C86C9 /* Frameworks */,
				3AC78BCE2D27FD02003C86C9 /* Resources */,
			);
			buildRules = (
			);
			dependencies = (
				3AC78BD22D27FD02003C86C9 /* PBXTargetDependency */,
			);
			fileSystemSynchronizedGroups = (
				3AC78BD32D27FD02003C86C9 /* VocabularyAppTests */,
			);
			name = VocabularyAppTests;
			packageProductDependencies = (
			);
			productName = VocabularyAppTests;
			productReference = 3AC78BD02D27FD02003C86C9 /* VocabularyAppTests.xctest */;
			productType = "com.apple.product-type.bundle.unit-test";
		};
		3AC78BD92D27FD02003C86C9 /* VocabularyAppUITests */ = {
			isa = PBXNativeTarget;
			buildConfigurationList = 3AC78BEA2D27FD02003C86C9 /* Build configuration list for PBXNativeTarget "VocabularyAppUITests" */;
			buildPhases = (
				3AC78BD62D27FD02003C86C9 /* Sources */,
				3AC78BD72D27FD02003C86C9 /* Frameworks */,
				3AC78BD82D27FD02003C86C9 /* Resources */,
			);
			buildRules = (
			);
			dependencies = (
				3AC78BDC2D27FD02003C86C9 /* PBXTargetDependency */,
			);
			fileSystemSynchronizedGroups = (
				3AC78BDD2D27FD02003C86C9 /* VocabularyAppUITests */,
			);
			name = VocabularyAppUITests;
			packageProductDependencies = (
			);
			productName = VocabularyAppUITests;
			productReference = 3AC78BDA2D27FD02003C86C9 /* VocabularyAppUITests.xctest */;
			productType = "com.apple.product-type.bundle.ui-testing";
		};
		3AC78BF02D27FD3C003C86C9 /* VocabularyWidgetExtension */ = {
			isa = PBXNativeTarget;
			buildConfigurationList = 3AC78C092D27FD3F003C86C9 /* Build configuration list for PBXNativeTarget "VocabularyWidgetExtension" */;
			buildPhases = (
				3AC78BED2D27FD3C003C86C9 /* Sources */,
				3AC78BEE2D27FD3C003C86C9 /* Frameworks */,
				3AC78BEF2D27FD3C003C86C9 /* Resources */,
			);
			buildRules = (
			);
			dependencies = (
			);
			fileSystemSynchronizedGroups = (
				3AC78BF72D27FD3D003C86C9 /* VocabularyWidget */,
			);
			name = VocabularyWidgetExtension;
			packageProductDependencies = (
			);
			productName = VocabularyWidgetExtension;
			productReference = 3AC78BF12D27FD3C003C86C9 /* VocabularyWidgetExtension.appex */;
			productType = "com.apple.product-type.app-extension";
		};
/* End PBXNativeTarget section */

/* Begin PBXProject section */
		3AC78BB82D27FD00003C86C9 /* Project object */ = {
			isa = PBXProject;
			attributes = {
				BuildIndependentTargetsInParallel = 1;
				LastSwiftUpdateCheck = 1620;
				LastUpgradeCheck = 1620;
				TargetAttributes = {
					3AC78BBF2D27FD01003C86C9 = {
						CreatedOnToolsVersion = 16.2;
					};
					3AC78BCF2D27FD02003C86C9 = {
						CreatedOnToolsVersion = 16.2;
						TestTargetID = 3AC78BBF2D27FD01003C86C9;
					};
					3AC78BD92D27FD02003C86C9 = {
						CreatedOnToolsVersion = 16.2;
						TestTargetID = 3AC78BBF2D27FD01003C86C9;
					};
					3AC78BF02D27FD3C003C86C9 = {
						CreatedOnToolsVersion = 16.2;
					};
				};
			};
			buildConfigurationList = 3AC78BBB2D27FD00003C86C9 /* Build configuration list for PBXProject "VocabularyApp" */;
			developmentRegion = en;
			hasScannedForEncodings = 0;
			knownRegions = (
				en,
				Base,
			);
			mainGroup = 3AC78BB72D27FD00003C86C9;
			minimizedProjectReferenceProxies = 1;
			preferredProjectObjectVersion = 77;
			productRefGroup = 3AC78BC12D27FD01003C86C9 /* Products */;
			projectDirPath = "";
			projectRoot = "";
			targets = (
				3AC78BBF2D27FD01003C86C9 /* VocabularyApp */,
				3AC78BCF2D27FD02003C86C9 /* VocabularyAppTests */,
				3AC78BD92D27FD02003C86C9 /* VocabularyAppUITests */,
				3AC78BF02D27FD3C003C86C9 /* VocabularyWidgetExtension */,
			);
		};
/* End PBXProject section */

/* Begin PBXResourcesBuildPhase section */
		3AC78BBE2D27FD01003C86C9 /* Resources */ = {
			isa = PBXResourcesBuildPhase;
			buildActionMask = 2147483647;
			files = (
			);
			runOnlyForDeploymentPostprocessing = 0;
		};
		3AC78BCE2D27FD02003C86C9 /* Resources */ = {
			isa = PBXResourcesBuildPhase;
			buildActionMask = 2147483647;
			files = (
			);
			runOnlyForDeploymentPostprocessing = 0;
		};
		3AC78BD82D27FD02003C86C9 /* Resources */ = {
			isa = PBXResourcesBuildPhase;
			buildActionMask = 2147483647;
			files = (
			);
			runOnlyForDeploymentPostprocessing = 0;
		};
		3AC78BEF2D27FD3C003C86C9 /* Resources */ = {
			isa = PBXResourcesBuildPhase;
			buildActionMask = 2147483647;
			files = (
			);
			runOnlyForDeploymentPostprocessing = 0;
		};
/* End PBXResourcesBuildPhase section */

/* Begin PBXSourcesBuildPhase section */
		3AC78BBC2D27FD01003C86C9 /* Sources */ = {
			isa = PBXSourcesBuildPhase;
			buildActionMask = 2147483647;
			files = (
			);
			runOnlyForDeploymentPostprocessing = 0;
		};
		3AC78BCC2D27FD02003C86C9 /* Sources */ = {
			isa = PBXSourcesBuildPhase;
			buildActionMask = 2147483647;
			files = (
			);
			runOnlyForDeploymentPostprocessing = 0;
		};
		3AC78BD62D27FD02003C86C9 /* Sources */ = {
			isa = PBXSourcesBuildPhase;
			buildActionMask = 2147483647;
			files = (
			);
			runOnlyForDeploymentPostprocessing = 0;
		};
		3AC78BED2D27FD3C003C86C9 /* Sources */ = {
			isa = PBXSourcesBuildPhase;
			buildActionMask = 2147483647;
			files = (
			);
			runOnlyForDeploymentPostprocessing = 0;
		};
/* End PBXSourcesBuildPhase section */

/* Begin PBXTargetDependency section */
		3AC78BD22D27FD02003C86C9 /* PBXTargetDependency */ = {
			isa = PBXTargetDependency;
			target = 3AC78BBF2D27FD01003C86C9 /* VocabularyApp */;
			targetProxy = 3AC78BD12D27FD02003C86C9 /* PBXContainerItemProxy */;
		};
		3AC78BDC2D27FD02003C86C9 /* PBXTargetDependency */ = {
			isa = PBXTargetDependency;
			target = 3AC78BBF2D27FD01003C86C9 /* VocabularyApp */;
			targetProxy = 3AC78BDB2D27FD02003C86C9 /* PBXContainerItemProxy */;
		};
		3AC78C062D27FD3F003C86C9 /* PBXTargetDependency */ = {
			isa = PBXTargetDependency;
			target = 3AC78BF02D27FD3C003C86C9 /* VocabularyWidgetExtension */;
			targetProxy = 3AC78C052D27FD3F003C86C9 /* PBXContainerItemProxy */;
		};
/* End PBXTargetDependency section */

/* Begin XCBuildConfiguration section */
		3AC78BE22D27FD02003C86C9 /* Debug */ = {
			isa = XCBuildConfiguration;
			buildSettings = {
				ALWAYS_SEARCH_USER_PATHS = NO;
				ASSETCATALOG_COMPILER_GENERATE_SWIFT_ASSET_SYMBOL_EXTENSIONS = YES;
				CLANG_ANALYZER_NONNULL = YES;
				CLANG_ANALYZER_NUMBER_OBJECT_CONVERSION = YES_AGGRESSIVE;
				CLANG_CXX_LANGUAGE_STANDARD = "gnu++20";
				CLANG_ENABLE_MODULES = YES;
				CLANG_ENABLE_OBJC_ARC = YES;
				CLANG_ENABLE_OBJC_WEAK = YES;
				CLANG_WARN_BLOCK_CAPTURE_AUTORELEASING = YES;
				CLANG_WARN_BOOL_CONVERSION = YES;
				CLANG_WARN_COMMA = YES;
				CLANG_WARN_CONSTANT_CONVERSION = YES;
				CLANG_WARN_DEPRECATED_OBJC_IMPLEMENTATIONS = YES;
				CLANG_WARN_DIRECT_OBJC_ISA_USAGE = YES_ERROR;
				CLANG_WARN_DOCUMENTATION_COMMENTS = YES;
				CLANG_WARN_EMPTY_BODY = YES;
				CLANG_WARN_ENUM_CONVERSION = YES;
				CLANG_WARN_INFINITE_RECURSION = YES;
				CLANG_WARN_INT_CONVERSION = YES;
				CLANG_WARN_NON_LITERAL_NULL_CONVERSION = YES;
				CLANG_WARN_OBJC_IMPLICIT_RETAIN_SELF = YES;
				CLANG_WARN_OBJC_LITERAL_CONVERSION = YES;
				CLANG_WARN_OBJC_ROOT_CLASS = YES_ERROR;
				CLANG_WARN_QUOTED_INCLUDE_IN_FRAMEWORK_HEADER = YES;
				CLANG_WARN_RANGE_LOOP_ANALYSIS = YES;
				CLANG_WARN_STRICT_PROTOTYPES = YES;
				CLANG_WARN_SUSPICIOUS_MOVE = YES;
				CLANG_WARN_UNGUARDED_AVAILABILITY = YES_AGGRESSIVE;
				CLANG_WARN_UNREACHABLE_CODE = YES;
				CLANG_WARN__DUPLICATE_METHOD_MATCH = YES;
				COPY_PHASE_STRIP = NO;
				DEBUG_INFORMATION_FORMAT = dwarf;
				ENABLE_STRICT_OBJC_MSGSEND = YES;
				ENABLE_TESTABILITY = YES;
				ENABLE_USER_SCRIPT_SANDBOXING = YES;
				GCC_C_LANGUAGE_STANDARD = gnu17;
				GCC_DYNAMIC_NO_PIC = NO;
				GCC_NO_COMMON_BLOCKS = YES;
				GCC_OPTIMIZATION_LEVEL = 0;
				GCC_PREPROCESSOR_DEFINITIONS = (
					"DEBUG=1",
					"$(inherited)",
				);
				GCC_WARN_64_TO_32_BIT_CONVERSION = YES;
				GCC_WARN_ABOUT_RETURN_TYPE = YES_ERROR;
				GCC_WARN_UNDECLARED_SELECTOR = YES;
				GCC_WARN_UNINITIALIZED_AUTOS = YES_AGGRESSIVE;
				GCC_WARN_UNUSED_FUNCTION = YES;
				GCC_WARN_UNUSED_VARIABLE = YES;
				IPHONEOS_DEPLOYMENT_TARGET = 18.2;
				LOCALIZATION_PREFERS_STRING_CATALOGS = YES;
				MTL_ENABLE_DEBUG_INFO = INCLUDE_SOURCE;
				MTL_FAST_MATH = YES;
				ONLY_ACTIVE_ARCH = YES;
				SDKROOT = iphoneos;
				SWIFT_ACTIVE_COMPILATION_CONDITIONS = "DEBUG $(inherited)";
				SWIFT_OPTIMIZATION_LEVEL = "-Onone";
			};
			name = Debug;
		};
		3AC78BE32D27FD02003C86C9 /* Release */ = {
			isa = XCBuildConfiguration;
			buildSettings = {
				ALWAYS_SEARCH_USER_PATHS = NO;
				ASSETCATALOG_COMPILER_GENERATE_SWIFT_ASSET_SYMBOL_EXTENSIONS = YES;
				CLANG_ANALYZER_NONNULL = YES;
				CLANG_ANALYZER_NUMBER_OBJECT_CONVERSION = YES_AGGRESSIVE;
				CLANG_CXX_LANGUAGE_STANDARD = "gnu++20";
				CLANG_ENABLE_MODULES = YES;
				CLANG_ENABLE_OBJC_ARC = YES;
				CLANG_ENABLE_OBJC_WEAK = YES;
				CLANG_WARN_BLOCK_CAPTURE_AUTORELEASING = YES;
				CLANG_WARN_BOOL_CONVERSION = YES;
				CLANG_WARN_COMMA = YES;
				CLANG_WARN_CONSTANT_CONVERSION = YES;
				CLANG_WARN_DEPRECATED_OBJC_IMPLEMENTATIONS = YES;
				CLANG_WARN_DIRECT_OBJC_ISA_USAGE = YES_ERROR;
				CLANG_WARN_DOCUMENTATION_COMMENTS = YES;
				CLANG_WARN_EMPTY_BODY = YES;
				CLANG_WARN_ENUM_CONVERSION = YES;
				CLANG_WARN_INFINITE_RECURSION = YES;
				CLANG_WARN_INT_CONVERSION = YES;
				CLANG_WARN_NON_LITERAL_NULL_CONVERSION = YES;
				CLANG_WARN_OBJC_IMPLICIT_RETAIN_SELF = YES;
				CLANG_WARN_OBJC_LITERAL_CONVERSION = YES;
				CLANG_WARN_OBJC_ROOT_CLASS = YES_ERROR;
				CLANG_WARN_QUOTED_INCLUDE_IN_FRAMEWORK_HEADER = YES;
				CLANG_WARN_RANGE_LOOP_ANALYSIS = YES;
				CLANG_WARN_STRICT_PROTOTYPES = YES;
				CLANG_WARN_SUSPICIOUS_MOVE = YES;
				CLANG_WARN_UNGUARDED_AVAILABILITY = YES_AGGRESSIVE;
				CLANG_WARN_UNREACHABLE_CODE = YES;
				CLANG_WARN__DUPLICATE_METHOD_MATCH = YES;
				COPY_PHASE_STRIP = NO;
				DEBUG_INFORMATION_FORMAT = "dwarf-with-dsym";
				ENABLE_NS_ASSERTIONS = NO;
				ENABLE_STRICT_OBJC_MSGSEND = YES;
				ENABLE_USER_SCRIPT_SANDBOXING = YES;
				GCC_C_LANGUAGE_STANDARD = gnu17;
				GCC_NO_COMMON_BLOCKS = YES;
				GCC_WARN_64_TO_32_BIT_CONVERSION = YES;
				GCC_WARN_ABOUT_RETURN_TYPE = YES_ERROR;
				GCC_WARN_UNDECLARED_SELECTOR = YES;
				GCC_WARN_UNINITIALIZED_AUTOS = YES_AGGRESSIVE;
				GCC_WARN_UNUSED_FUNCTION = YES;
				GCC_WARN_UNUSED_VARIABLE = YES;
				IPHONEOS_DEPLOYMENT_TARGET = 18.2;
				LOCALIZATION_PREFERS_STRING_CATALOGS = YES;
				MTL_ENABLE_DEBUG_INFO = NO;
				MTL_FAST_MATH = YES;
				SDKROOT = iphoneos;
				SWIFT_COMPILATION_MODE = wholemodule;
				VALIDATE_PRODUCT = YES;
			};
			name = Release;
		};
		3AC78BE52D27FD02003C86C9 /* Debug */ = {
			isa = XCBuildConfiguration;
			buildSettings = {
				ASSETCATALOG_COMPILER_APPICON_NAME = AppIcon;
				ASSETCATALOG_COMPILER_GLOBAL_ACCENT_COLOR_NAME = AccentColor;
				ASSETCATALOG_COMPILER_INCLUDE_ALL_APPICON_ASSETS = NO;
				CODE_SIGN_STYLE = Automatic;
				CURRENT_PROJECT_VERSION = 1;
				DEVELOPMENT_ASSET_PATHS = "\"VocabularyApp/Preview Content\"";
				DEVELOPMENT_TEAM = E32QPZ68P9;
				ENABLE_PREVIEWS = YES;
				GENERATE_INFOPLIST_FILE = YES;
				INFOPLIST_KEY_CFBundleDisplayName = "Cards by Sgambe";
				INFOPLIST_KEY_LSApplicationCategoryType = "public.app-category.education";
				INFOPLIST_KEY_UIApplicationSceneManifest_Generation = YES;
				INFOPLIST_KEY_UIApplicationSupportsIndirectInputEvents = YES;
				INFOPLIST_KEY_UILaunchScreen_Generation = YES;
				INFOPLIST_KEY_UISupportedInterfaceOrientations_iPad = "UIInterfaceOrientationPortrait UIInterfaceOrientationPortraitUpsideDown UIInterfaceOrientationLandscapeLeft UIInterfaceOrientationLandscapeRight";
				INFOPLIST_KEY_UISupportedInterfaceOrientations_iPhone = "UIInterfaceOrientationPortrait UIInterfaceOrientationLandscapeLeft UIInterfaceOrientationLandscapeRight";
				LD_RUNPATH_SEARCH_PATHS = (
					"$(inherited)",
					"@executable_path/Frameworks",
				);
				MARKETING_VERSION = 1.0;
				PRODUCT_BUNDLE_IDENTIFIER = federicosgambelluri.VocabularyApp;
				PRODUCT_NAME = "$(TARGET_NAME)";
				SWIFT_EMIT_LOC_STRINGS = YES;
				SWIFT_VERSION = 5.0;
				TARGETED_DEVICE_FAMILY = "1,2";
			};
			name = Debug;
		};
		3AC78BE62D27FD02003C86C9 /* Release */ = {
			isa = XCBuildConfiguration;
			buildSettings = {
				ASSETCATALOG_COMPILER_APPICON_NAME = AppIcon;
				ASSETCATALOG_COMPILER_GLOBAL_ACCENT_COLOR_NAME = AccentColor;
				ASSETCATALOG_COMPILER_INCLUDE_ALL_APPICON_ASSETS = NO;
				CODE_SIGN_STYLE = Automatic;
				CURRENT_PROJECT_VERSION = 1;
				DEVELOPMENT_ASSET_PATHS = "\"VocabularyApp/Preview Content\"";
				DEVELOPMENT_TEAM = E32QPZ68P9;
				ENABLE_PREVIEWS = YES;
				GENERATE_INFOPLIST_FILE = YES;
				INFOPLIST_KEY_CFBundleDisplayName = "Cards by Sgambe";
				INFOPLIST_KEY_LSApplicationCategoryType = "public.app-category.education";
				INFOPLIST_KEY_UIApplicationSceneManifest_Generation = YES;
				INFOPLIST_KEY_UIApplicationSupportsIndirectInputEvents = YES;
				INFOPLIST_KEY_UILaunchScreen_Generation = YES;
				INFOPLIST_KEY_UISupportedInterfaceOrientations_iPad = "UIInterfaceOrientationPortrait UIInterfaceOrientationPortraitUpsideDown UIInterfaceOrientationLandscapeLeft UIInterfaceOrientationLandscapeRight";
				INFOPLIST_KEY_UISupportedInterfaceOrientations_iPhone = "UIInterfaceOrientationPortrait UIInterfaceOrientationLandscapeLeft UIInterfaceOrientationLandscapeRight";
				LD_RUNPATH_SEARCH_PATHS = (
					"$(inherited)",
					"@executable_path/Frameworks",
				);
				MARKETING_VERSION = 1.0;
				PRODUCT_BUNDLE_IDENTIFIER = federicosgambelluri.VocabularyApp;
				PRODUCT_NAME = "$(TARGET_NAME)";
				SWIFT_EMIT_LOC_STRINGS = YES;
				SWIFT_VERSION = 5.0;
				TARGETED_DEVICE_FAMILY = "1,2";
			};
			name = Release;
		};
		3AC78BE82D27FD02003C86C9 /* Debug */ = {
			isa = XCBuildConfiguration;
			buildSettings = {
				BUNDLE_LOADER = "$(TEST_HOST)";
				CODE_SIGN_STYLE = Automatic;
				CURRENT_PROJECT_VERSION = 1;
				GENERATE_INFOPLIST_FILE = YES;
				IPHONEOS_DEPLOYMENT_TARGET = 18.2;
				MARKETING_VERSION = 1.0;
				PRODUCT_BUNDLE_IDENTIFIER = federicosgambelluri.VocabularyAppTests;
				PRODUCT_NAME = "$(TARGET_NAME)";
				SWIFT_EMIT_LOC_STRINGS = NO;
				SWIFT_VERSION = 5.0;
				TARGETED_DEVICE_FAMILY = "1,2";
				TEST_HOST = "$(BUILT_PRODUCTS_DIR)/VocabularyApp.app/$(BUNDLE_EXECUTABLE_FOLDER_PATH)/VocabularyApp";
			};
			name = Debug;
		};
		3AC78BE92D27FD02003C86C9 /* Release */ = {
			isa = XCBuildConfiguration;
			buildSettings = {
				BUNDLE_LOADER = "$(TEST_HOST)";
				CODE_SIGN_STYLE = Automatic;
				CURRENT_PROJECT_VERSION = 1;
				GENERATE_INFOPLIST_FILE = YES;
				IPHONEOS_DEPLOYMENT_TARGET = 18.2;
				MARKETING_VERSION = 1.0;
				PRODUCT_BUNDLE_IDENTIFIER = federicosgambelluri.VocabularyAppTests;
				PRODUCT_NAME = "$(TARGET_NAME)";
				SWIFT_EMIT_LOC_STRINGS = NO;
				SWIFT_VERSION = 5.0;
				TARGETED_DEVICE_FAMILY = "1,2";
				TEST_HOST = "$(BUILT_PRODUCTS_DIR)/VocabularyApp.app/$(BUNDLE_EXECUTABLE_FOLDER_PATH)/VocabularyApp";
			};
			name = Release;
		};
		3AC78BEB2D27FD02003C86C9 /* Debug */ = {
			isa = XCBuildConfiguration;
			buildSettings = {
				CODE_SIGN_STYLE = Automatic;
				CURRENT_PROJECT_VERSION = 1;
				GENERATE_INFOPLIST_FILE = YES;
				MARKETING_VERSION = 1.0;
				PRODUCT_BUNDLE_IDENTIFIER = federicosgambelluri.VocabularyAppUITests;
				PRODUCT_NAME = "$(TARGET_NAME)";
				SWIFT_EMIT_LOC_STRINGS = NO;
				SWIFT_VERSION = 5.0;
				TARGETED_DEVICE_FAMILY = "1,2";
				TEST_TARGET_NAME = VocabularyApp;
			};
			name = Debug;
		};
		3AC78BEC2D27FD02003C86C9 /* Release */ = {
			isa = XCBuildConfiguration;
			buildSettings = {
				CODE_SIGN_STYLE = Automatic;
				CURRENT_PROJECT_VERSION = 1;
				GENERATE_INFOPLIST_FILE = YES;
				MARKETING_VERSION = 1.0;
				PRODUCT_BUNDLE_IDENTIFIER = federicosgambelluri.VocabularyAppUITests;
				PRODUCT_NAME = "$(TARGET_NAME)";
				SWIFT_EMIT_LOC_STRINGS = NO;
				SWIFT_VERSION = 5.0;
				TARGETED_DEVICE_FAMILY = "1,2";
				TEST_TARGET_NAME = VocabularyApp;
			};
			name = Release;
		};
		3AC78C0A2D27FD3F003C86C9 /* Debug */ = {
			isa = XCBuildConfiguration;
			buildSettings = {
				ASSETCATALOG_COMPILER_GLOBAL_ACCENT_COLOR_NAME = AccentColor;
				ASSETCATALOG_COMPILER_WIDGET_BACKGROUND_COLOR_NAME = WidgetBackground;
				CODE_SIGN_STYLE = Automatic;
				CURRENT_PROJECT_VERSION = 1;
				DEVELOPMENT_TEAM = E32QPZ68P9;
				GENERATE_INFOPLIST_FILE = YES;
				INFOPLIST_FILE = VocabularyWidget/Info.plist;
				INFOPLIST_KEY_CFBundleDisplayName = VocabularyWidget;
				INFOPLIST_KEY_NSHumanReadableCopyright = "";
				LD_RUNPATH_SEARCH_PATHS = (
					"$(inherited)",
					"@executable_path/Frameworks",
					"@executable_path/../../Frameworks",
				);
				MARKETING_VERSION = 1.0;
				PRODUCT_BUNDLE_IDENTIFIER = federicosgambelluri.VocabularyApp.VocabularyWidget;
				PRODUCT_NAME = "$(TARGET_NAME)";
				SKIP_INSTALL = YES;
				SWIFT_EMIT_LOC_STRINGS = YES;
				SWIFT_VERSION = 5.0;
				TARGETED_DEVICE_FAMILY = "1,2";
			};
			name = Debug;
		};
		3AC78C0B2D27FD3F003C86C9 /* Release */ = {
			isa = XCBuildConfiguration;
			buildSettings = {
				ASSETCATALOG_COMPILER_GLOBAL_ACCENT_COLOR_NAME = AccentColor;
				ASSETCATALOG_COMPILER_WIDGET_BACKGROUND_COLOR_NAME = WidgetBackground;
				CODE_SIGN_STYLE = Automatic;
				CURRENT_PROJECT_VERSION = 1;
				DEVELOPMENT_TEAM = E32QPZ68P9;
				GENERATE_INFOPLIST_FILE = YES;
				INFOPLIST_FILE = VocabularyWidget/Info.plist;
				INFOPLIST_KEY_CFBundleDisplayName = VocabularyWidget;
				INFOPLIST_KEY_NSHumanReadableCopyright = "";
				LD_RUNPATH_SEARCH_PATHS = (
					"$(inherited)",
					"@executable_path/Frameworks",
					"@executable_path/../../Frameworks",
				);
				MARKETING_VERSION = 1.0;
				PRODUCT_BUNDLE_IDENTIFIER = federicosgambelluri.VocabularyApp.VocabularyWidget;
				PRODUCT_NAME = "$(TARGET_NAME)";
				SKIP_INSTALL = YES;
				SWIFT_EMIT_LOC_STRINGS = YES;
				SWIFT_VERSION = 5.0;
				TARGETED_DEVICE_FAMILY = "1,2";
			};
			name = Release;
		};
/* End XCBuildConfiguration section */

/* Begin XCConfigurationList section */
		3AC78BBB2D27FD00003C86C9 /* Build configuration list for PBXProject "VocabularyApp" */ = {
			isa = XCConfigurationList;
			buildConfigurations = (
				3AC78BE22D27FD02003C86C9 /* Debug */,
				3AC78BE32D27FD02003C86C9 /* Release */,
			);
			defaultConfigurationIsVisible = 0;
			defaultConfigurationName = Release;
		};
		3AC78BE42D27FD02003C86C9 /* Build configuration list for PBXNativeTarget "VocabularyApp" */ = {
			isa = XCConfigurationList;
			buildConfigurations = (
				3AC78BE52D27FD02003C86C9 /* Debug */,
				3AC78BE62D27FD02003C86C9 /* Release */,
			);
			defaultConfigurationIsVisible = 0;
			defaultConfigurationName = Release;
		};
		3AC78BE72D27FD02003C86C9 /* Build configuration list for PBXNativeTarget "VocabularyAppTests" */ = {
			isa = XCConfigurationList;
			buildConfigurations = (
				3AC78BE82D27FD02003C86C9 /* Debug */,
				3AC78BE92D27FD02003C86C9 /* Release */,
			);
			defaultConfigurationIsVisible = 0;
			defaultConfigurationName = Release;
		};
		3AC78BEA2D27FD02003C86C9 /* Build configuration list for PBXNativeTarget "VocabularyAppUITests" */ = {
			isa = XCConfigurationList;
			buildConfigurations = (
				3AC78BEB2D27FD02003C86C9 /* Debug */,
				3AC78BEC2D27FD02003C86C9 /* Release */,
			);
			defaultConfigurationIsVisible = 0;
			defaultConfigurationName = Release;
		};
		3AC78C092D27FD3F003C86C9 /* Build configuration list for PBXNativeTarget "VocabularyWidgetExtension" */ = {
			isa = XCConfigurationList;
			buildConfigurations = (
				3AC78C0A2D27FD3F003C86C9 /* Debug */,
				3AC78C0B2D27FD3F003C86C9 /* Release */,
			);
			defaultConfigurationIsVisible = 0;
			defaultConfigurationName = Release;
		};
/* End XCConfigurationList section */
	};
	rootObject = 3AC78BB82D27FD00003C86C9 /* Project object */;
}
